
Microsoft Visual Studio Solution File, Format Version 12.00
# Visual Studio 15
VisualStudioVersion = 15.0.28307.136
MinimumVisualStudioVersion = 10.0.40219.1
Project("{FAE04EC0-301F-11D3-BF4B-00C04F79EFBC}") = "CRUD MVC5", "CRUD MVC5\CRUD MVC5.csproj", "{E35878C5-5458-4626-A6EE-8D8454F92076}"
EndProject
Global
	GlobalSection(SolutionConfigurationPlatforms) = preSolution
		Debug|Any CPU = Debug|Any CPU
		Release|Any CPU = Release|Any CPU
	EndGlobalSection
	GlobalSection(ProjectConfigurationPlatforms) = postSolution
		{E35878C5-5458-4626-A6EE-8D8454F92076}.Debug|Any CPU.ActiveCfg = Debug|Any CPU
		{E35878C5-5458-4626-A6EE-8D8454F92076}.Debug|Any CPU.Build.0 = Debug|Any CPU
		{E35878C5-5458-4626-A6EE-8D8454F92076}.Release|Any CPU.ActiveCfg = Release|Any CPU
		{E35878C5-5458-4626-A6EE-8D8454F92076}.Release|Any CPU.Build.0 = Release|Any CPU
	EndGlobalSection
	GlobalSection(SolutionProperties) = preSolution
		HideSolutionNode = FALSE
	EndGlobalSection
	GlobalSection(ExtensibilityGlobals) = postSolution
		SolutionGuid = {EB59D8D0-559C-4D5B-9CD1-0E283EDD1C12}
	EndGlobalSection
EndGlobal
